
Microsoft Visual Studio Solution File, Format Version 12.00
# Visual Studio Version 17
VisualStudioVersion = 17.3.32901.215
MinimumVisualStudioVersion = 10.0.40219.1
Project("{FAE04EC0-301F-11D3-BF4B-00C04F79EFBC}") = "SmartBot", "SmartBot\SmartBot.csproj", "{891F61A3-4A63-4AA7-92C3-83C45FFFEF91}"
EndProject
Project("{FAE04EC0-301F-11D3-BF4B-00C04F79EFBC}") = "SmartBot.Tests", "SmartBot.Tests\SmartBot.Tests.csproj", "{504CE110-171A-40C3-9DCE-294940411FC2}"
EndProject
Global
	GlobalSection(SolutionConfigurationPlatforms) = preSolution
		Debug|Any CPU = Debug|Any CPU
		Release|Any CPU = Release|Any CPU
	EndGlobalSection
	GlobalSection(ProjectConfigurationPlatforms) = postSolution
		{891F61A3-4A63-4AA7-92C3-83C45FFFEF91}.Debug|Any CPU.ActiveCfg = Debug|Any CPU
		{891F61A3-4A63-4AA7-92C3-83C45FFFEF91}.Debug|Any CPU.Build.0 = Debug|Any CPU
		{891F61A3-4A63-4AA7-92C3-83C45FFFEF91}.Release|Any CPU.ActiveCfg = Release|Any CPU
		{891F61A3-4A63-4AA7-92C3-83C45FFFEF91}.Release|Any CPU.Build.0 = Release|Any CPU
		{504CE110-171A-40C3-9DCE-294940411FC2}.Debug|Any CPU.ActiveCfg = Debug|Any CPU
		{504CE110-171A-40C3-9DCE-294940411FC2}.Debug|Any CPU.Build.0 = Debug|Any CPU
		{504CE110-171A-40C3-9DCE-294940411FC2}.Release|Any CPU.ActiveCfg = Release|Any CPU
		{504CE110-171A-40C3-9DCE-294940411FC2}.Release|Any CPU.Build.0 = Release|Any CPU
	EndGlobalSection
	GlobalSection(SolutionProperties) = preSolution
		HideSolutionNode = FALSE
	EndGlobalSection
	GlobalSection(ExtensibilityGlobals) = postSolution
		SolutionGuid = {2974C3E0-A164-4F06-BBB8-01BD17ED903B}
	EndGlobalSection
EndGlobal
